github.com/elastic/go-elasticsearch v0.0.0 h1:Pd5fqOuBxKxv83b0+xOAJDAkziWYwFinWnBO0y+TZaA=
github.com/elastic/go-elasticsearch/v5 v5.6.1 h1:RnL2wcXepOT5SdoKMMO1j1OBX0vxHYbBtkQNL2E3xs4=
github.com/elastic/go-elasticsearch/v5 v5.6.1/go.mod h1:r7uV7HidpfkYh7D8SB4lkS13TNlNy3oa5GNmTZvuVqY=
github.com/morkid/gocache v1.0.0 h1:hTnU78Dqp2vs9al5vJC2TmmMF+Hm3nDH1AgRBjSXE+0=
github.com/morkid/gocache v1.0.0/go.mod h1:xK+hmoEMjYffIBvjn7DE8WfSd/rF5Kz/G9f20OliMJY=
